
Microsoft Visual Studio Solution File, Format Version 12.00
# Visual Studio Version 17
VisualStudioVersion = 17.0.31919.166
MinimumVisualStudioVersion = 10.0.40219.1
Project("{FAE04EC0-301F-11D3-BF4B-00C04F79EFBC}") = "BitCoinCalculator", "BitCoinCalculator\BitCoinCalculator.csproj", "{43CD0691-1778-473D-95F1-BF185B4170E1}"
EndProject
Global
	GlobalSection(SolutionConfigurationPlatforms) = preSolution
		Debug|Any CPU = Debug|Any CPU
		Release|Any CPU = Release|Any CPU
	EndGlobalSection
	GlobalSection(ProjectConfigurationPlatforms) = postSolution
		{43CD0691-1778-473D-95F1-BF185B4170E1}.Debug|Any CPU.ActiveCfg = Debug|Any CPU
		{43CD0691-1778-473D-95F1-BF185B4170E1}.Debug|Any CPU.Build.0 = Debug|Any CPU
		{43CD0691-1778-473D-95F1-BF185B4170E1}.Release|Any CPU.ActiveCfg = Release|Any CPU
		{43CD0691-1778-473D-95F1-BF185B4170E1}.Release|Any CPU.Build.0 = Release|Any CPU
	EndGlobalSection
	GlobalSection(SolutionProperties) = preSolution
		HideSolutionNode = FALSE
	EndGlobalSection
	GlobalSection(ExtensibilityGlobals) = postSolution
		SolutionGuid = {651BD296-B2E3-4F69-BF0B-B4953642C156}
	EndGlobalSection
EndGlobal
